
Microsoft Visual Studio Solution File, Format Version 12.00
# Visual Studio 15
VisualStudioVersion = 15.0.28307.329
MinimumVisualStudioVersion = 10.0.40219.1
Project("{FAE04EC0-301F-11D3-BF4B-00C04F79EFBC}") = "Crypto", "Crypto\Crypto.csproj", "{A655E329-753D-4640-83CC-5431B35EC006}"
EndProject
Global
	GlobalSection(SolutionConfigurationPlatforms) = preSolution
		Debug|Any CPU = Debug|Any CPU
		Release|Any CPU = Release|Any CPU
	EndGlobalSection
	GlobalSection(ProjectConfigurationPlatforms) = postSolution
		{A655E329-753D-4640-83CC-5431B35EC006}.Debug|Any CPU.ActiveCfg = Debug|Any CPU
		{A655E329-753D-4640-83CC-5431B35EC006}.Debug|Any CPU.Build.0 = Debug|Any CPU
		{A655E329-753D-4640-83CC-5431B35EC006}.Release|Any CPU.ActiveCfg = Release|Any CPU
		{A655E329-753D-4640-83CC-5431B35EC006}.Release|Any CPU.Build.0 = Release|Any CPU
	EndGlobalSection
	GlobalSection(SolutionProperties) = preSolution
		HideSolutionNode = FALSE
	EndGlobalSection
	GlobalSection(ExtensibilityGlobals) = postSolution
		SolutionGuid = {114154CC-481A-4DC3-95F4-EEEBAA3C2A83}
	EndGlobalSection
EndGlobal
